// !$*UTF8*$!
{
	archiveVersion = 1;
	classes = {
	};
	objectVersion = 51;
	objects = {

/* Begin PBXBuildFile section */
		AD583F29B8AE2E374B0F0F1B /* Pods_FixerCurrencyConverter.framework in Frameworks */ = {isa = PBXBuildFile; fileRef = 58331B320A8A7D9AB1A06F01 /* Pods_FixerCurrencyConverter.framework */; };
		B122606F25B8592F002F3462 /* BaseController.swift in Sources */ = {isa = PBXBuildFile; fileRef = B122606E25B8592F002F3462 /* BaseController.swift */; };
		B122607425B85FDB002F3462 /* CurrencyCell.swift in Sources */ = {isa = PBXBuildFile; fileRef = B122607325B85FDB002F3462 /* CurrencyCell.swift */; };
		B122607625B85FEE002F3462 /* CurrencyCell.xib in Resources */ = {isa = PBXBuildFile; fileRef = B122607525B85FEE002F3462 /* CurrencyCell.xib */; };
		B122607925B86385002F3462 /* UIView+Extension.swift in Sources */ = {isa = PBXBuildFile; fileRef = B122607825B86385002F3462 /* UIView+Extension.swift */; };
		B122607B25B863FE002F3462 /* UITableView+Extension.swift in Sources */ = {isa = PBXBuildFile; fileRef = B122607A25B863FE002F3462 /* UITableView+Extension.swift */; };
		B122607E25B86533002F3462 /* HomeViewController+UITableView.swift in Sources */ = {isa = PBXBuildFile; fileRef = B122607D25B86533002F3462 /* HomeViewController+UITableView.swift */; };
		B13276B625B8744F006CF904 /* CalculatorViewController.swift in Sources */ = {isa = PBXBuildFile; fileRef = B13276B525B8744F006CF904 /* CalculatorViewController.swift */; };
		B1D1155D25B8392000B0B36A /* HomeViewModel.swift in Sources */ = {isa = PBXBuildFile; fileRef = B1D1155C25B8392000B0B36A /* HomeViewModel.swift */; };
		B1D1155F25B83C8600B0B36A /* Rates.swift in Sources */ = {isa = PBXBuildFile; fileRef = B1D1155E25B83C8600B0B36A /* Rates.swift */; };
		B1D1156225B8449F00B0B36A /* APIErrors.swift in Sources */ = {isa = PBXBuildFile; fileRef = B1D1156125B8449F00B0B36A /* APIErrors.swift */; };
		B1D1156425B8512800B0B36A /* Currency.swift in Sources */ = {isa = PBXBuildFile; fileRef = B1D1156325B8512800B0B36A /* Currency.swift */; };
		B1EF195A25B8218900D66A80 /* AppDelegate.swift in Sources */ = {isa = PBXBuildFile; fileRef = B1EF195925B8218900D66A80 /* AppDelegate.swift */; };
		B1EF195E25B8218900D66A80 /* HomeViewController.swift in Sources */ = {isa = PBXBuildFile; fileRef = B1EF195D25B8218900D66A80 /* HomeViewController.swift */; };
		B1EF196125B8218900D66A80 /* Main.storyboard in Resources */ = {isa = PBXBuildFile; fileRef = B1EF195F25B8218900D66A80 /* Main.storyboard */; };
		B1EF196325B8218B00D66A80 /* Assets.xcassets in Resources */ = {isa = PBXBuildFile; fileRef = B1EF196225B8218B00D66A80 /* Assets.xcassets */; };
		B1EF196625B8218B00D66A80 /* LaunchScreen.storyboard in Resources */ = {isa = PBXBuildFile; fileRef = B1EF196425B8218B00D66A80 /* LaunchScreen.storyboard */; };
		B1EF197525B823DA00D66A80 /* Default-568h@2x.png in Resources */ = {isa = PBXBuildFile; fileRef = B1EF197425B823DA00D66A80 /* Default-568h@2x.png */; };
		B1EF197725B8250900D66A80 /* Logger.swift in Sources */ = {isa = PBXBuildFile; fileRef = B1EF197625B8250900D66A80 /* Logger.swift */; };
		B1EF197925B8257500D66A80 /* NetworkReachability.swift in Sources */ = {isa = PBXBuildFile; fileRef = B1EF197825B8257500D66A80 /* NetworkReachability.swift */; };
		B1EF197C25B8267F00D66A80 /* Buildable.swift in Sources */ = {isa = PBXBuildFile; fileRef = B1EF197B25B8267F00D66A80 /* Buildable.swift */; };
		B1EF197E25B8272C00D66A80 /* Proxy.swift in Sources */ = {isa = PBXBuildFile; fileRef = B1EF197D25B8272C00D66A80 /* Proxy.swift */; };
		B1EF198025B8283E00D66A80 /* Resultable.swift in Sources */ = {isa = PBXBuildFile; fileRef = B1EF197F25B8283E00D66A80 /* Resultable.swift */; };
		B1EF198425B82DE100D66A80 /* NetworkManager.swift in Sources */ = {isa = PBXBuildFile; fileRef = B1EF198325B82DE100D66A80 /* NetworkManager.swift */; };
		B1EF198725B8318000D66A80 /* HomeService.swift in Sources */ = {isa = PBXBuildFile; fileRef = B1EF198625B8318000D66A80 /* HomeService.swift */; };
		B1EF198C25B835E600D66A80 /* APIConstants.swift in Sources */ = {isa = PBXBuildFile; fileRef = B1EF198B25B835E600D66A80 /* APIConstants.swift */; };
/* End PBXBuildFile section */

/* Begin PBXFileReference section */
		58331B320A8A7D9AB1A06F01 /* Pods_FixerCurrencyConverter.framework */ = {isa = PBXFileReference; explicitFileType = wrapper.framework; includeInIndex = 0; path = Pods_FixerCurrencyConverter.framework; sourceTree = BUILT_PRODUCTS_DIR; };
		ACE7E23F75BFF862C30AE56F /* Pods-FixerCurrencyConverter.debug.xcconfig */ = {isa = PBXFileReference; includeInIndex = 1; lastKnownFileType = text.xcconfig; name = "Pods-FixerCurrencyConverter.debug.xcconfig"; path = "Target Support Files/Pods-FixerCurrencyConverter/Pods-FixerCurrencyConverter.debug.xcconfig"; sourceTree = "<group>"; };
		B122606E25B8592F002F3462 /* BaseController.swift */ = {isa = PBXFileReference; lastKnownFileType = sourcecode.swift; path = BaseController.swift; sourceTree = "<group>"; };
		B122607325B85FDB002F3462 /* CurrencyCell.swift */ = {isa = PBXFileReference; lastKnownFileType = sourcecode.swift; path = CurrencyCell.swift; sourceTree = "<group>"; };
		B122607525B85FEE002F3462 /* CurrencyCell.xib */ = {isa = PBXFileReference; lastKnownFileType = file.xib; path = CurrencyCell.xib; sourceTree = "<group>"; };
		B122607825B86385002F3462 /* UIView+Extension.swift */ = {isa = PBXFileReference; lastKnownFileType = sourcecode.swift; path = "UIView+Extension.swift"; sourceTree = "<group>"; };
		B122607A25B863FE002F3462 /* UITableView+Extension.swift */ = {isa = PBXFileReference; lastKnownFileType = sourcecode.swift; path = "UITableView+Extension.swift"; sourceTree = "<group>"; };
		B122607D25B86533002F3462 /* HomeViewController+UITableView.swift */ = {isa = PBXFileReference; lastKnownFileType = sourcecode.swift; path = "HomeViewController+UITableView.swift"; sourceTree = "<group>"; };
		B13276B525B8744F006CF904 /* CalculatorViewController.swift */ = {isa = PBXFileReference; lastKnownFileType = sourcecode.swift; path = CalculatorViewController.swift; sourceTree = "<group>"; };
		B1D1155C25B8392000B0B36A /* HomeViewModel.swift */ = {isa = PBXFileReference; lastKnownFileType = sourcecode.swift; path = HomeViewModel.swift; sourceTree = "<group>"; };
		B1D1155E25B83C8600B0B36A /* Rates.swift */ = {isa = PBXFileReference; lastKnownFileType = sourcecode.swift; path = Rates.swift; sourceTree = "<group>"; };
		B1D1156125B8449F00B0B36A /* APIErrors.swift */ = {isa = PBXFileReference; lastKnownFileType = sourcecode.swift; path = APIErrors.swift; sourceTree = "<group>"; };
		B1D1156325B8512800B0B36A /* Currency.swift */ = {isa = PBXFileReference; lastKnownFileType = sourcecode.swift; path = Currency.swift; sourceTree = "<group>"; };
		B1EF195625B8218900D66A80 /* FixerCurrencyConverter.app */ = {isa = PBXFileReference; explicitFileType = wrapper.application; includeInIndex = 0; path = FixerCurrencyConverter.app; sourceTree = BUILT_PRODUCTS_DIR; };
		B1EF195925B8218900D66A80 /* AppDelegate.swift */ = {isa = PBXFileReference; lastKnownFileType = sourcecode.swift; path = AppDelegate.swift; sourceTree = "<group>"; };
		B1EF195D25B8218900D66A80 /* HomeViewController.swift */ = {isa = PBXFileReference; lastKnownFileType = sourcecode.swift; path = HomeViewController.swift; sourceTree = "<group>"; };
		B1EF196025B8218900D66A80 /* Base */ = {isa = PBXFileReference; lastKnownFileType = file.storyboard; name = Base; path = Base.lproj/Main.storyboard; sourceTree = "<group>"; };
		B1EF196225B8218B00D66A80 /* Assets.xcassets */ = {isa = PBXFileReference; lastKnownFileType = folder.assetcatalog; path = Assets.xcassets; sourceTree = "<group>"; };
		B1EF196525B8218B00D66A80 /* Base */ = {isa = PBXFileReference; lastKnownFileType = file.storyboard; name = Base; path = Base.lproj/LaunchScreen.storyboard; sourceTree = "<group>"; };
		B1EF196725B8218B00D66A80 /* Info.plist */ = {isa = PBXFileReference; lastKnownFileType = text.plist.xml; path = Info.plist; sourceTree = "<group>"; };
		B1EF197425B823DA00D66A80 /* Default-568h@2x.png */ = {isa = PBXFileReference; lastKnownFileType = image.png; path = "Default-568h@2x.png"; sourceTree = "<group>"; };
		B1EF197625B8250900D66A80 /* Logger.swift */ = {isa = PBXFileReference; lastKnownFileType = sourcecode.swift; path = Logger.swift; sourceTree = "<group>"; };
		B1EF197825B8257500D66A80 /* NetworkReachability.swift */ = {isa = PBXFileReference; lastKnownFileType = sourcecode.swift; path = NetworkReachability.swift; sourceTree = "<group>"; };
		B1EF197B25B8267F00D66A80 /* Buildable.swift */ = {isa = PBXFileReference; lastKnownFileType = sourcecode.swift; path = Buildable.swift; sourceTree = "<group>"; };
		B1EF197D25B8272C00D66A80 /* Proxy.swift */ = {isa = PBXFileReference; lastKnownFileType = sourcecode.swift; path = Proxy.swift; sourceTree = "<group>"; };
		B1EF197F25B8283E00D66A80 /* Resultable.swift */ = {isa = PBXFileReference; lastKnownFileType = sourcecode.swift; path = Resultable.swift; sourceTree = "<group>"; };
		B1EF198325B82DE100D66A80 /* NetworkManager.swift */ = {isa = PBXFileReference; lastKnownFileType = sourcecode.swift; path = NetworkManager.swift; sourceTree = "<group>"; };
		B1EF198625B8318000D66A80 /* HomeService.swift */ = {isa = PBXFileReference; lastKnownFileType = sourcecode.swift; path = HomeService.swift; sourceTree = "<group>"; };
		B1EF198B25B835E600D66A80 /* APIConstants.swift */ = {isa = PBXFileReference; lastKnownFileType = sourcecode.swift; path = APIConstants.swift; sourceTree = "<group>"; };
		EE42D9C6C2DE553AF5184688 /* Pods-FixerCurrencyConverter.release.xcconfig */ = {isa = PBXFileReference; includeInIndex = 1; lastKnownFileType = text.xcconfig; name = "Pods-FixerCurrencyConverter.release.xcconfig"; path = "Target Support Files/Pods-FixerCurrencyConverter/Pods-FixerCurrencyConverter.release.xcconfig"; sourceTree = "<group>"; };
/* End PBXFileReference section */

/* Begin PBXFrameworksBuildPhase section */
		B1EF195325B8218900D66A80 /* Frameworks */ = {
			isa = PBXFrameworksBuildPhase;
			buildActionMask = 2147483647;
			files = (
				AD583F29B8AE2E374B0F0F1B /* Pods_FixerCurrencyConverter.framework in Frameworks */,
			);
			runOnlyForDeploymentPostprocessing = 0;
		};
/* End PBXFrameworksBuildPhase section */

/* Begin PBXGroup section */
		B122607225B85F8F002F3462 /* Custom Cells */ = {
			isa = PBXGroup;
			children = (
				B122607325B85FDB002F3462 /* CurrencyCell.swift */,
				B122607525B85FEE002F3462 /* CurrencyCell.xib */,
			);
			path = "Custom Cells";
			sourceTree = "<group>";
		};
		B122607725B86363002F3462 /* Extensions */ = {
			isa = PBXGroup;
			children = (
				B122607825B86385002F3462 /* UIView+Extension.swift */,
				B122607A25B863FE002F3462 /* UITableView+Extension.swift */,
			);
			path = Extensions;
			sourceTree = "<group>";
		};
		B122607C25B8650B002F3462 /* Home */ = {
			isa = PBXGroup;
			children = (
				B1EF195D25B8218900D66A80 /* HomeViewController.swift */,
				B122607D25B86533002F3462 /* HomeViewController+UITableView.swift */,
			);
			path = Home;
			sourceTree = "<group>";
		};
		B13276B425B87418006CF904 /* Calculator */ = {
			isa = PBXGroup;
			children = (
				B13276B525B8744F006CF904 /* CalculatorViewController.swift */,
			);
			path = Calculator;
			sourceTree = "<group>";
		};
		B1D1156025B8435300B0B36A /* Models */ = {
			isa = PBXGroup;
			children = (
				B1D1155E25B83C8600B0B36A /* Rates.swift */,
				B1D1156325B8512800B0B36A /* Currency.swift */,
			);
			path = Models;
			sourceTree = "<group>";
		};
		B1EF194D25B8218900D66A80 = {
			isa = PBXGroup;
			children = (
				B1EF195825B8218900D66A80 /* FixerCurrencyConverter */,
				B1EF195725B8218900D66A80 /* Products */,
				FE0C51B99ADF361C942D73EE /* Pods */,
				CCFDC2BF6EA5C2621F6EAA4E /* Frameworks */,
			);
			sourceTree = "<group>";
		};
		B1EF195725B8218900D66A80 /* Products */ = {
			isa = PBXGroup;
			children = (
				B1EF195625B8218900D66A80 /* FixerCurrencyConverter.app */,
			);
			name = Products;
			sourceTree = "<group>";
		};
		B1EF195825B8218900D66A80 /* FixerCurrencyConverter */ = {
			isa = PBXGroup;
			children = (
				B1EF197025B8223300D66A80 /* Classess */,
				B1EF196E25B8220A00D66A80 /* App Delegate */,
				B1EF197225B8232800D66A80 /* Utills */,
				B1EF196D25B821F800D66A80 /* Storyboards */,
				B1EF196F25B8221B00D66A80 /* Resources */,
				B1EF196725B8218B00D66A80 /* Info.plist */,
			);
			path = FixerCurrencyConverter;
			sourceTree = "<group>";
		};
		B1EF196D25B821F800D66A80 /* Storyboards */ = {
			isa = PBXGroup;
			children = (
				B1EF195F25B8218900D66A80 /* Main.storyboard */,
			);
			path = Storyboards;
			sourceTree = "<group>";
		};
		B1EF196E25B8220A00D66A80 /* App Delegate */ = {
			isa = PBXGroup;
			children = (
				B1EF195925B8218900D66A80 /* AppDelegate.swift */,
			);
			path = "App Delegate";
			sourceTree = "<group>";
		};
		B1EF196F25B8221B00D66A80 /* Resources */ = {
			isa = PBXGroup;
			children = (
				B1EF197425B823DA00D66A80 /* Default-568h@2x.png */,
				B1EF196225B8218B00D66A80 /* Assets.xcassets */,
				B1EF196425B8218B00D66A80 /* LaunchScreen.storyboard */,
			);
			path = Resources;
			sourceTree = "<group>";
		};
		B1EF197025B8223300D66A80 /* Classess */ = {
			isa = PBXGroup;
			children = (
				B122607225B85F8F002F3462 /* Custom Cells */,
				B1D1156025B8435300B0B36A /* Models */,
				B1EF198A25B831AF00D66A80 /* View Models */,
				B1EF198925B831A900D66A80 /* Services */,
				B1EF198825B831A200D66A80 /* Controllers */,
			);
			path = Classess;
			sourceTree = "<group>";
		};
		B1EF197225B8232800D66A80 /* Utills */ = {
			isa = PBXGroup;
			children = (
				B122607725B86363002F3462 /* Extensions */,
				B1EF197325B8233700D66A80 /* Network */,
			);
			path = Utills;
			sourceTree = "<group>";
		};
		B1EF197325B8233700D66A80 /* Network */ = {
			isa = PBXGroup;
			children = (
				B1EF197625B8250900D66A80 /* Logger.swift */,
				B1EF197825B8257500D66A80 /* NetworkReachability.swift */,
				B1EF197B25B8267F00D66A80 /* Buildable.swift */,
				B1EF197D25B8272C00D66A80 /* Proxy.swift */,
				B1EF197F25B8283E00D66A80 /* Resultable.swift */,
				B1EF198325B82DE100D66A80 /* NetworkManager.swift */,
				B1EF198B25B835E600D66A80 /* APIConstants.swift */,
				B1D1156125B8449F00B0B36A /* APIErrors.swift */,
			);
			path = Network;
			sourceTree = "<group>";
		};
		B1EF198825B831A200D66A80 /* Controllers */ = {
			isa = PBXGroup;
			children = (
				B122606E25B8592F002F3462 /* BaseController.swift */,
				B122607C25B8650B002F3462 /* Home */,
				B13276B425B87418006CF904 /* Calculator */,
			);
			path = Controllers;
			sourceTree = "<group>";
		};
		B1EF198925B831A900D66A80 /* Services */ = {
			isa = PBXGroup;
			children = (
				B1EF198625B8318000D66A80 /* HomeService.swift */,
			);
			path = Services;
			sourceTree = "<group>";
		};
		B1EF198A25B831AF00D66A80 /* View Models */ = {
			isa = PBXGroup;
			children = (
				B1D1155C25B8392000B0B36A /* HomeViewModel.swift */,
			);
			path = "View Models";
			sourceTree = "<group>";
		};
		CCFDC2BF6EA5C2621F6EAA4E /* Frameworks */ = {
			isa = PBXGroup;
			children = (
				58331B320A8A7D9AB1A06F01 /* Pods_FixerCurrencyConverter.framework */,
			);
			name = Frameworks;
			sourceTree = "<group>";
		};
		FE0C51B99ADF361C942D73EE /* Pods */ = {
			isa = PBXGroup;
			children = (
				ACE7E23F75BFF862C30AE56F /* Pods-FixerCurrencyConverter.debug.xcconfig */,
				EE42D9C6C2DE553AF5184688 /* Pods-FixerCurrencyConverter.release.xcconfig */,
			);
			path = Pods;
			sourceTree = "<group>";
		};
/* End PBXGroup section */

/* Begin PBXNativeTarget section */
		B1EF195525B8218900D66A80 /* FixerCurrencyConverter */ = {
			isa = PBXNativeTarget;
			buildConfigurationList = B1EF196A25B8218B00D66A80 /* Build configuration list for PBXNativeTarget "FixerCurrencyConverter" */;
			buildPhases = (
				C8D2C5F89314F896A94CE479 /* [CP] Check Pods Manifest.lock */,
				B1EF195225B8218900D66A80 /* Sources */,
				B1EF195325B8218900D66A80 /* Frameworks */,
				B1EF195425B8218900D66A80 /* Resources */,
				189D0206B2357FBDF9EB4553 /* [CP] Embed Pods Frameworks */,
			);
			buildRules = (
			);
			dependencies = (
			);
			name = FixerCurrencyConverter;
			productName = FixerCurrencyConverter;
			productReference = B1EF195625B8218900D66A80 /* FixerCurrencyConverter.app */;
			productType = "com.apple.product-type.application";
		};
/* End PBXNativeTarget section */

/* Begin PBXProject section */
		B1EF194E25B8218900D66A80 /* Project object */ = {
			isa = PBXProject;
			attributes = {
				LastSwiftUpdateCheck = 1170;
				LastUpgradeCheck = 1170;
				ORGANIZATIONNAME = Fixer;
				TargetAttributes = {
					B1EF195525B8218900D66A80 = {
						CreatedOnToolsVersion = 11.7;
					};
				};
			};
			buildConfigurationList = B1EF195125B8218900D66A80 /* Build configuration list for PBXProject "FixerCurrencyConverter" */;
			compatibilityVersion = "Xcode 9.3";
			developmentRegion = en;
			hasScannedForEncodings = 0;
			knownRegions = (
				en,
				Base,
			);
			mainGroup = B1EF194D25B8218900D66A80;
			productRefGroup = B1EF195725B8218900D66A80 /* Products */;
			projectDirPath = "";
			projectRoot = "";
			targets = (
				B1EF195525B8218900D66A80 /* FixerCurrencyConverter */,
			);
		};
/* End PBXProject section */

/* Begin PBXResourcesBuildPhase section */
		B1EF195425B8218900D66A80 /* Resources */ = {
			isa = PBXResourcesBuildPhase;
			buildActionMask = 2147483647;
			files = (
				B1EF196625B8218B00D66A80 /* LaunchScreen.storyboard in Resources */,
				B122607625B85FEE002F3462 /* CurrencyCell.xib in Resources */,
				B1EF197525B823DA00D66A80 /* Default-568h@2x.png in Resources */,
				B1EF196325B8218B00D66A80 /* Assets.xcassets in Resources */,
				B1EF196125B8218900D66A80 /* Main.storyboard in Resources */,
			);
			runOnlyForDeploymentPostprocessing = 0;
		};
/* End PBXResourcesBuildPhase section */

/* Begin PBXShellScriptBuildPhase section */
		189D0206B2357FBDF9EB4553 /* [CP] Embed Pods Frameworks */ = {
			isa = PBXShellScriptBuildPhase;
			buildActionMask = 2147483647;
			files = (
			);
			inputFileListPaths = (
				"${PODS_ROOT}/Target Support Files/Pods-FixerCurrencyConverter/Pods-FixerCurrencyConverter-frameworks-${CONFIGURATION}-input-files.xcfilelist",
			);
			name = "[CP] Embed Pods Frameworks";
			outputFileListPaths = (
				"${PODS_ROOT}/Target Support Files/Pods-FixerCurrencyConverter/Pods-FixerCurrencyConverter-frameworks-${CONFIGURATION}-output-files.xcfilelist",
			);
			runOnlyForDeploymentPostprocessing = 0;
			shellPath = /bin/sh;
			shellScript = "\"${PODS_ROOT}/Target Support Files/Pods-FixerCurrencyConverter/Pods-FixerCurrencyConverter-frameworks.sh\"\n";
			showEnvVarsInLog = 0;
		};
		C8D2C5F89314F896A94CE479 /* [CP] Check Pods Manifest.lock */ = {
			isa = PBXShellScriptBuildPhase;
			buildActionMask = 2147483647;
			files = (
			);
			inputFileListPaths = (
			);
			inputPaths = (
				"${PODS_PODFILE_DIR_PATH}/Podfile.lock",
				"${PODS_ROOT}/Manifest.lock",
			);
			name = "[CP] Check Pods Manifest.lock";
			outputFileListPaths = (
			);
			outputPaths = (
				"$(DERIVED_FILE_DIR)/Pods-FixerCurrencyConverter-checkManifestLockResult.txt",
			);
			runOnlyForDeploymentPostprocessing = 0;
			shellPath = /bin/sh;
			shellScript = "diff \"${PODS_PODFILE_DIR_PATH}/Podfile.lock\" \"${PODS_ROOT}/Manifest.lock\" > /dev/null\nif [ $? != 0 ] ; then\n    # print error to STDERR\n    echo \"error: The sandbox is not in sync with the Podfile.lock. Run 'pod install' or update your CocoaPods installation.\" >&2\n    exit 1\nfi\n# This output is used by Xcode 'outputs' to avoid re-running this script phase.\necho \"SUCCESS\" > \"${SCRIPT_OUTPUT_FILE_0}\"\n";
			showEnvVarsInLog = 0;
		};
/* End PBXShellScriptBuildPhase section */

/* Begin PBXSourcesBuildPhase section */
		B1EF195225B8218900D66A80 /* Sources */ = {
			isa = PBXSourcesBuildPhase;
			buildActionMask = 2147483647;
			files = (
				B1EF198425B82DE100D66A80 /* NetworkManager.swift in Sources */,
				B1EF198C25B835E600D66A80 /* APIConstants.swift in Sources */,
				B1EF198025B8283E00D66A80 /* Resultable.swift in Sources */,
				B1EF195E25B8218900D66A80 /* HomeViewController.swift in Sources */,
				B1EF197725B8250900D66A80 /* Logger.swift in Sources */,
				B1EF198725B8318000D66A80 /* HomeService.swift in Sources */,
				B1D1155F25B83C8600B0B36A /* Rates.swift in Sources */,
				B122607925B86385002F3462 /* UIView+Extension.swift in Sources */,
				B122607E25B86533002F3462 /* HomeViewController+UITableView.swift in Sources */,
				B122606F25B8592F002F3462 /* BaseController.swift in Sources */,
				B13276B625B8744F006CF904 /* CalculatorViewController.swift in Sources */,
				B122607425B85FDB002F3462 /* CurrencyCell.swift in Sources */,
				B1D1155D25B8392000B0B36A /* HomeViewModel.swift in Sources */,
				B122607B25B863FE002F3462 /* UITableView+Extension.swift in Sources */,
				B1EF195A25B8218900D66A80 /* AppDelegate.swift in Sources */,
				B1EF197C25B8267F00D66A80 /* Buildable.swift in Sources */,
				B1EF197E25B8272C00D66A80 /* Proxy.swift in Sources */,
				B1EF197925B8257500D66A80 /* NetworkReachability.swift in Sources */,
				B1D1156425B8512800B0B36A /* Currency.swift in Sources */,
				B1D1156225B8449F00B0B36A /* APIErrors.swift in Sources */,
			);
			runOnlyForDeploymentPostprocessing = 0;
		};
/* End PBXSourcesBuildPhase section */

/* Begin PBXVariantGroup section */
		B1EF195F25B8218900D66A80 /* Main.storyboard */ = {
			isa = PBXVariantGroup;
			children = (
				B1EF196025B8218900D66A80 /* Base */,
			);
			name = Main.storyboard;
			sourceTree = "<group>";
		};
		B1EF196425B8218B00D66A80 /* LaunchScreen.storyboard */ = {
			isa = PBXVariantGroup;
			children = (
				B1EF196525B8218B00D66A80 /* Base */,
			);
			name = LaunchScreen.storyboard;
			sourceTree = "<group>";
		};
/* End PBXVariantGroup section */

/* Begin XCBuildConfiguration section */
		B1EF196825B8218B00D66A80 /* Debug */ = {
			isa = XCBuildConfiguration;
			buildSettings = {
				ALWAYS_SEARCH_USER_PATHS = NO;
				CLANG_ANALYZER_NONNULL = YES;
				CLANG_ANALYZER_NUMBER_OBJECT_CONVERSION = YES_AGGRESSIVE;
				CLANG_CXX_LANGUAGE_STANDARD = "gnu++14";
				CLANG_CXX_LIBRARY = "libc++";
				CLANG_ENABLE_MODULES = YES;
				CLANG_ENABLE_OBJC_ARC = YES;
				CLANG_ENABLE_OBJC_WEAK = YES;
				CLANG_WARN_BLOCK_CAPTURE_AUTORELEASING = YES;
				CLANG_WARN_BOOL_CONVERSION = YES;
				CLANG_WARN_COMMA = YES;
				CLANG_WARN_CONSTANT_CONVERSION = YES;
				CLANG_WARN_DEPRECATED_OBJC_IMPLEMENTATIONS = YES;
				CLANG_WARN_DIRECT_OBJC_ISA_USAGE = YES_ERROR;
				CLANG_WARN_DOCUMENTATION_COMMENTS = YES;
				CLANG_WARN_EMPTY_BODY = YES;
				CLANG_WARN_ENUM_CONVERSION = YES;
				CLANG_WARN_INFINITE_RECURSION = YES;
				CLANG_WARN_INT_CONVERSION = YES;
				CLANG_WARN_NON_LITERAL_NULL_CONVERSION = YES;
				CLANG_WARN_OBJC_IMPLICIT_RETAIN_SELF = YES;
				CLANG_WARN_OBJC_LITERAL_CONVERSION = YES;
				CLANG_WARN_OBJC_ROOT_CLASS = YES_ERROR;
				CLANG_WARN_RANGE_LOOP_ANALYSIS = YES;
				CLANG_WARN_STRICT_PROTOTYPES = YES;
				CLANG_WARN_SUSPICIOUS_MOVE = YES;
				CLANG_WARN_UNGUARDED_AVAILABILITY = YES_AGGRESSIVE;
				CLANG_WARN_UNREACHABLE_CODE = YES;
				CLANG_WARN__DUPLICATE_METHOD_MATCH = YES;
				COPY_PHASE_STRIP = NO;
				DEBUG_INFORMATION_FORMAT = dwarf;
				ENABLE_STRICT_OBJC_MSGSEND = YES;
				ENABLE_TESTABILITY = YES;
				GCC_C_LANGUAGE_STANDARD = gnu11;
				GCC_DYNAMIC_NO_PIC = NO;
				GCC_NO_COMMON_BLOCKS = YES;
				GCC_OPTIMIZATION_LEVEL = 0;
				GCC_PREPROCESSOR_DEFINITIONS = (
					"DEBUG=1",
					"$(inherited)",
				);
				GCC_WARN_64_TO_32_BIT_CONVERSION = YES;
				GCC_WARN_ABOUT_RETURN_TYPE = YES_ERROR;
				GCC_WARN_UNDECLARED_SELECTOR = YES;
				GCC_WARN_UNINITIALIZED_AUTOS = YES_AGGRESSIVE;
				GCC_WARN_UNUSED_FUNCTION = YES;
				GCC_WARN_UNUSED_VARIABLE = YES;
				IPHONEOS_DEPLOYMENT_TARGET = 13.7;
				MTL_ENABLE_DEBUG_INFO = INCLUDE_SOURCE;
				MTL_FAST_MATH = YES;
				ONLY_ACTIVE_ARCH = YES;
				SDKROOT = iphoneos;
				SWIFT_ACTIVE_COMPILATION_CONDITIONS = DEBUG;
				SWIFT_OPTIMIZATION_LEVEL = "-Onone";
			};
			name = Debug;
		};
		B1EF196925B8218B00D66A80 /* Release */ = {
			isa = XCBuildConfiguration;
			buildSettings = {
				ALWAYS_SEARCH_USER_PATHS = NO;
				CLANG_ANALYZER_NONNULL = YES;
				CLANG_ANALYZER_NUMBER_OBJECT_CONVERSION = YES_AGGRESSIVE;
				CLANG_CXX_LANGUAGE_STANDARD = "gnu++14";
				CLANG_CXX_LIBRARY = "libc++";
				CLANG_ENABLE_MODULES = YES;
				CLANG_ENABLE_OBJC_ARC = YES;
				CLANG_ENABLE_OBJC_WEAK = YES;
				CLANG_WARN_BLOCK_CAPTURE_AUTORELEASING = YES;
				CLANG_WARN_BOOL_CONVERSION = YES;
				CLANG_WARN_COMMA = YES;
				CLANG_WARN_CONSTANT_CONVERSION = YES;
				CLANG_WARN_DEPRECATED_OBJC_IMPLEMENTATIONS = YES;
				CLANG_WARN_DIRECT_OBJC_ISA_USAGE = YES_ERROR;
				CLANG_WARN_DOCUMENTATION_COMMENTS = YES;
				CLANG_WARN_EMPTY_BODY = YES;
				CLANG_WARN_ENUM_CONVERSION = YES;
				CLANG_WARN_INFINITE_RECURSION = YES;
				CLANG_WARN_INT_CONVERSION = YES;
				CLANG_WARN_NON_LITERAL_NULL_CONVERSION = YES;
				CLANG_WARN_OBJC_IMPLICIT_RETAIN_SELF = YES;
				CLANG_WARN_OBJC_LITERAL_CONVERSION = YES;
				CLANG_WARN_OBJC_ROOT_CLASS = YES_ERROR;
				CLANG_WARN_RANGE_LOOP_ANALYSIS = YES;
				CLANG_WARN_STRICT_PROTOTYPES = YES;
				CLANG_WARN_SUSPICIOUS_MOVE = YES;
				CLANG_WARN_UNGUARDED_AVAILABILITY = YES_AGGRESSIVE;
				CLANG_WARN_UNREACHABLE_CODE = YES;
				CLANG_WARN__DUPLICATE_METHOD_MATCH = YES;
				COPY_PHASE_STRIP = NO;
				DEBUG_INFORMATION_FORMAT = "dwarf-with-dsym";
				ENABLE_NS_ASSERTIONS = NO;
				ENABLE_STRICT_OBJC_MSGSEND = YES;
				GCC_C_LANGUAGE_STANDARD = gnu11;
				GCC_NO_COMMON_BLOCKS = YES;
				GCC_WARN_64_TO_32_BIT_CONVERSION = YES;
				GCC_WARN_ABOUT_RETURN_TYPE = YES_ERROR;
				GCC_WARN_UNDECLARED_SELECTOR = YES;
				GCC_WARN_UNINITIALIZED_AUTOS = YES_AGGRESSIVE;
				GCC_WARN_UNUSED_FUNCTION = YES;
				GCC_WARN_UNUSED_VARIABLE = YES;
				IPHONEOS_DEPLOYMENT_TARGET = 13.7;
				MTL_ENABLE_DEBUG_INFO = NO;
				MTL_FAST_MATH = YES;
				SDKROOT = iphoneos;
				SWIFT_COMPILATION_MODE = wholemodule;
				SWIFT_OPTIMIZATION_LEVEL = "-O";
				VALIDATE_PRODUCT = YES;
			};
			name = Release;
		};
		B1EF196B25B8218B00D66A80 /* Debug */ = {
			isa = XCBuildConfiguration;
			baseConfigurationReference = ACE7E23F75BFF862C30AE56F /* Pods-FixerCurrencyConverter.debug.xcconfig */;
			buildSettings = {
				ASSETCATALOG_COMPILER_APPICON_NAME = AppIcon;
				CODE_SIGN_STYLE = Automatic;
				INFOPLIST_FILE = FixerCurrencyConverter/Info.plist;
				LD_RUNPATH_SEARCH_PATHS = (
					"$(inherited)",
					"@executable_path/Frameworks",
				);
				PRODUCT_BUNDLE_IDENTIFIER = com.fixer.FixerCurrencyConverter;
				PRODUCT_NAME = "$(TARGET_NAME)";
				SWIFT_VERSION = 5.0;
				TARGETED_DEVICE_FAMILY = 1;
			};
			name = Debug;
		};
		B1EF196C25B8218B00D66A80 /* Release */ = {
			isa = XCBuildConfiguration;
			baseConfigurationReference = EE42D9C6C2DE553AF5184688 /* Pods-FixerCurrencyConverter.release.xcconfig */;
			buildSettings = {
				ASSETCATALOG_COMPILER_APPICON_NAME = AppIcon;
				CODE_SIGN_STYLE = Automatic;
				INFOPLIST_FILE = FixerCurrencyConverter/Info.plist;
				LD_RUNPATH_SEARCH_PATHS = (
					"$(inherited)",
					"@executable_path/Frameworks",
				);
				PRODUCT_BUNDLE_IDENTIFIER = com.fixer.FixerCurrencyConverter;
				PRODUCT_NAME = "$(TARGET_NAME)";
				SWIFT_VERSION = 5.0;
				TARGETED_DEVICE_FAMILY = 1;
			};
			name = Release;
		};
/* End XCBuildConfiguration section */

/* Begin XCConfigurationList section */
		B1EF195125B8218900D66A80 /* Build configuration list for PBXProject "FixerCurrencyConverter" */ = {
			isa = XCConfigurationList;
			buildConfigurations = (
				B1EF196825B8218B00D66A80 /* Debug */,
				B1EF196925B8218B00D66A80 /* Release */,
			);
			defaultConfigurationIsVisible = 0;
			defaultConfigurationName = Release;
		};
		B1EF196A25B8218B00D66A80 /* Build configuration list for PBXNativeTarget "FixerCurrencyConverter" */ = {
			isa = XCConfigurationList;
			buildConfigurations = (
				B1EF196B25B8218B00D66A80 /* Debug */,
				B1EF196C25B8218B00D66A80 /* Release */,
			);
			defaultConfigurationIsVisible = 0;
			defaultConfigurationName = Release;
		};
/* End XCConfigurationList section */
	};
	rootObject = B1EF194E25B8218900D66A80 /* Project object */;
}
